
Microsoft Visual Studio Solution File, Format Version 12.00
# Visual Studio Version 17
VisualStudioVersion = 17.7.34202.233
MinimumVisualStudioVersion = 10.0.40219.1
Project("{FAE04EC0-301F-11D3-BF4B-00C04F79EFBC}") = "TesteTDD", "TesteTDD\TesteTDD.csproj", "{4CAE50EE-E772-413E-87D3-CE640D01E146}"
EndProject
Project("{FAE04EC0-301F-11D3-BF4B-00C04F79EFBC}") = "TesteTDDTestes", "TesteTDDTestes\TesteTDDTestes.csproj", "{AC61B532-CC99-4F90-9D98-5D7D056EB372}"
EndProject
Global
	GlobalSection(SolutionConfigurationPlatforms) = preSolution
		Debug|Any CPU = Debug|Any CPU
		Release|Any CPU = Release|Any CPU
	EndGlobalSection
	GlobalSection(ProjectConfigurationPlatforms) = postSolution
		{4CAE50EE-E772-413E-87D3-CE640D01E146}.Debug|Any CPU.ActiveCfg = Debug|Any CPU
		{4CAE50EE-E772-413E-87D3-CE640D01E146}.Debug|Any CPU.Build.0 = Debug|Any CPU
		{4CAE50EE-E772-413E-87D3-CE640D01E146}.Release|Any CPU.ActiveCfg = Release|Any CPU
		{4CAE50EE-E772-413E-87D3-CE640D01E146}.Release|Any CPU.Build.0 = Release|Any CPU
		{AC61B532-CC99-4F90-9D98-5D7D056EB372}.Debug|Any CPU.ActiveCfg = Debug|Any CPU
		{AC61B532-CC99-4F90-9D98-5D7D056EB372}.Debug|Any CPU.Build.0 = Debug|Any CPU
		{AC61B532-CC99-4F90-9D98-5D7D056EB372}.Release|Any CPU.ActiveCfg = Release|Any CPU
		{AC61B532-CC99-4F90-9D98-5D7D056EB372}.Release|Any CPU.Build.0 = Release|Any CPU
	EndGlobalSection
	GlobalSection(SolutionProperties) = preSolution
		HideSolutionNode = FALSE
	EndGlobalSection
	GlobalSection(ExtensibilityGlobals) = postSolution
		SolutionGuid = {8CEB97C9-2E0D-435E-B31C-DDE4A8FB4E22}
	EndGlobalSection
EndGlobal
